
Microsoft Visual Studio Solution File, Format Version 12.00
# Visual Studio Version 16
VisualStudioVersion = 16.0.29609.76
MinimumVisualStudioVersion = 10.0.40219.1
Project("{9A19103F-16F7-4668-BE54-9A1E7A4F7556}") = "WebUI", "Web\WebUI.csproj", "{64B9D985-06D6-4902-8340-08E6CC541927}"
EndProject
Project("{9A19103F-16F7-4668-BE54-9A1E7A4F7556}") = "Application", "Application\Application.csproj", "{B2C3C9FB-1257-4F7A-92B3-D768B3FF248B}"
EndProject
Project("{9A19103F-16F7-4668-BE54-9A1E7A4F7556}") = "Application.Tests", "Application.Tests\Application.Tests.csproj", "{1693BC5A-F4C8-4963-9418-534BB4DB885C}"
EndProject
Project("{2150E333-8FDC-42A3-9474-1A3956D46DE8}") = "1.Presentation", "1.Presentation", "{4BDD6D8A-D545-40E9-B328-35E2077588E9}"
EndProject
Project("{2150E333-8FDC-42A3-9474-1A3956D46DE8}") = "2.Core", "2.Core", "{40CDB83E-30DA-44C1-A562-ACE2DDE3E503}"
EndProject
Project("{2150E333-8FDC-42A3-9474-1A3956D46DE8}") = "3.Infrastructure", "3.Infrastructure", "{03DAB093-A333-40A6-9F6C-165818586C5C}"
EndProject
Project("{2150E333-8FDC-42A3-9474-1A3956D46DE8}") = "4.Test", "4.Test", "{F874DAA0-D3AD-449D-B81B-0E5FB9255791}"
EndProject
Project("{9A19103F-16F7-4668-BE54-9A1E7A4F7556}") = "Persistence", "Persistence\Persistence.csproj", "{6EC8BA00-7DF1-4809-93CE-8D806CF06C59}"
EndProject
Project("{9A19103F-16F7-4668-BE54-9A1E7A4F7556}") = "Infrastructure", "Infrastructure\Infrastructure.csproj", "{9D8EA324-35B3-4D21-8B3E-BB7850180EF7}"
EndProject
Project("{9A19103F-16F7-4668-BE54-9A1E7A4F7556}") = "Domain", "Domain\Domain.csproj", "{E7619C8A-20EF-4567-8BEE-F9C996816F13}"
EndProject
Project("{FAE04EC0-301F-11D3-BF4B-00C04F79EFBC}") = "Domain.Tests", "Domain.Tests\Domain.Tests.csproj", "{C879038B-3598-4C60-B547-48E97694CB0E}"
EndProject
Global
	GlobalSection(SolutionConfigurationPlatforms) = preSolution
		Debug|Any CPU = Debug|Any CPU
		Debug|x86 = Debug|x86
		Release|Any CPU = Release|Any CPU
		Release|x86 = Release|x86
	EndGlobalSection
	GlobalSection(ProjectConfigurationPlatforms) = postSolution
		{64B9D985-06D6-4902-8340-08E6CC541927}.Debug|Any CPU.ActiveCfg = Debug|Any CPU
		{64B9D985-06D6-4902-8340-08E6CC541927}.Debug|Any CPU.Build.0 = Debug|Any CPU
		{64B9D985-06D6-4902-8340-08E6CC541927}.Debug|x86.ActiveCfg = Debug|Any CPU
		{64B9D985-06D6-4902-8340-08E6CC541927}.Debug|x86.Build.0 = Debug|Any CPU
		{64B9D985-06D6-4902-8340-08E6CC541927}.Release|Any CPU.ActiveCfg = Release|Any CPU
		{64B9D985-06D6-4902-8340-08E6CC541927}.Release|Any CPU.Build.0 = Release|Any CPU
		{64B9D985-06D6-4902-8340-08E6CC541927}.Release|x86.ActiveCfg = Release|Any CPU
		{64B9D985-06D6-4902-8340-08E6CC541927}.Release|x86.Build.0 = Release|Any CPU
		{B2C3C9FB-1257-4F7A-92B3-D768B3FF248B}.Debug|Any CPU.ActiveCfg = Debug|Any CPU
		{B2C3C9FB-1257-4F7A-92B3-D768B3FF248B}.Debug|Any CPU.Build.0 = Debug|Any CPU
		{B2C3C9FB-1257-4F7A-92B3-D768B3FF248B}.Debug|x86.ActiveCfg = Debug|Any CPU
		{B2C3C9FB-1257-4F7A-92B3-D768B3FF248B}.Debug|x86.Build.0 = Debug|Any CPU
		{B2C3C9FB-1257-4F7A-92B3-D768B3FF248B}.Release|Any CPU.ActiveCfg = Release|Any CPU
		{B2C3C9FB-1257-4F7A-92B3-D768B3FF248B}.Release|Any CPU.Build.0 = Release|Any CPU
		{B2C3C9FB-1257-4F7A-92B3-D768B3FF248B}.Release|x86.ActiveCfg = Release|Any CPU
		{B2C3C9FB-1257-4F7A-92B3-D768B3FF248B}.Release|x86.Build.0 = Release|Any CPU
		{1693BC5A-F4C8-4963-9418-534BB4DB885C}.Debug|Any CPU.ActiveCfg = Debug|Any CPU
		{1693BC5A-F4C8-4963-9418-534BB4DB885C}.Debug|Any CPU.Build.0 = Debug|Any CPU
		{1693BC5A-F4C8-4963-9418-534BB4DB885C}.Debug|x86.ActiveCfg = Debug|Any CPU
		{1693BC5A-F4C8-4963-9418-534BB4DB885C}.Debug|x86.Build.0 = Debug|Any CPU
		{1693BC5A-F4C8-4963-9418-534BB4DB885C}.Release|Any CPU.ActiveCfg = Release|Any CPU
		{1693BC5A-F4C8-4963-9418-534BB4DB885C}.Release|Any CPU.Build.0 = Release|Any CPU
		{1693BC5A-F4C8-4963-9418-534BB4DB885C}.Release|x86.ActiveCfg = Release|Any CPU
		{1693BC5A-F4C8-4963-9418-534BB4DB885C}.Release|x86.Build.0 = Release|Any CPU
		{6EC8BA00-7DF1-4809-93CE-8D806CF06C59}.Debug|Any CPU.ActiveCfg = Debug|Any CPU
		{6EC8BA00-7DF1-4809-93CE-8D806CF06C59}.Debug|Any CPU.Build.0 = Debug|Any CPU
		{6EC8BA00-7DF1-4809-93CE-8D806CF06C59}.Debug|x86.ActiveCfg = Debug|Any CPU
		{6EC8BA00-7DF1-4809-93CE-8D806CF06C59}.Debug|x86.Build.0 = Debug|Any CPU
		{6EC8BA00-7DF1-4809-93CE-8D806CF06C59}.Release|Any CPU.ActiveCfg = Release|Any CPU
		{6EC8BA00-7DF1-4809-93CE-8D806CF06C59}.Release|Any CPU.Build.0 = Release|Any CPU
		{6EC8BA00-7DF1-4809-93CE-8D806CF06C59}.Release|x86.ActiveCfg = Release|Any CPU
		{6EC8BA00-7DF1-4809-93CE-8D806CF06C59}.Release|x86.Build.0 = Release|Any CPU
		{9D8EA324-35B3-4D21-8B3E-BB7850180EF7}.Debug|Any CPU.ActiveCfg = Debug|Any CPU
		{9D8EA324-35B3-4D21-8B3E-BB7850180EF7}.Debug|Any CPU.Build.0 = Debug|Any CPU
		{9D8EA324-35B3-4D21-8B3E-BB7850180EF7}.Debug|x86.ActiveCfg = Debug|Any CPU
		{9D8EA324-35B3-4D21-8B3E-BB7850180EF7}.Debug|x86.Build.0 = Debug|Any CPU
		{9D8EA324-35B3-4D21-8B3E-BB7850180EF7}.Release|Any CPU.ActiveCfg = Release|Any CPU
		{9D8EA324-35B3-4D21-8B3E-BB7850180EF7}.Release|Any CPU.Build.0 = Release|Any CPU
		{9D8EA324-35B3-4D21-8B3E-BB7850180EF7}.Release|x86.ActiveCfg = Release|Any CPU
		{9D8EA324-35B3-4D21-8B3E-BB7850180EF7}.Release|x86.Build.0 = Release|Any CPU
		{E7619C8A-20EF-4567-8BEE-F9C996816F13}.Debug|Any CPU.ActiveCfg = Debug|Any CPU
		{E7619C8A-20EF-4567-8BEE-F9C996816F13}.Debug|Any CPU.Build.0 = Debug|Any CPU
		{E7619C8A-20EF-4567-8BEE-F9C996816F13}.Debug|x86.ActiveCfg = Debug|Any CPU
		{E7619C8A-20EF-4567-8BEE-F9C996816F13}.Debug|x86.Build.0 = Debug|Any CPU
		{E7619C8A-20EF-4567-8BEE-F9C996816F13}.Release|Any CPU.ActiveCfg = Release|Any CPU
		{E7619C8A-20EF-4567-8BEE-F9C996816F13}.Release|Any CPU.Build.0 = Release|Any CPU
		{E7619C8A-20EF-4567-8BEE-F9C996816F13}.Release|x86.ActiveCfg = Release|Any CPU
		{E7619C8A-20EF-4567-8BEE-F9C996816F13}.Release|x86.Build.0 = Release|Any CPU
		{C879038B-3598-4C60-B547-48E97694CB0E}.Debug|Any CPU.ActiveCfg = Debug|Any CPU
		{C879038B-3598-4C60-B547-48E97694CB0E}.Debug|Any CPU.Build.0 = Debug|Any CPU
		{C879038B-3598-4C60-B547-48E97694CB0E}.Debug|x86.ActiveCfg = Debug|Any CPU
		{C879038B-3598-4C60-B547-48E97694CB0E}.Debug|x86.Build.0 = Debug|Any CPU
		{C879038B-3598-4C60-B547-48E97694CB0E}.Release|Any CPU.ActiveCfg = Release|Any CPU
		{C879038B-3598-4C60-B547-48E97694CB0E}.Release|Any CPU.Build.0 = Release|Any CPU
		{C879038B-3598-4C60-B547-48E97694CB0E}.Release|x86.ActiveCfg = Release|Any CPU
		{C879038B-3598-4C60-B547-48E97694CB0E}.Release|x86.Build.0 = Release|Any CPU
	EndGlobalSection
	GlobalSection(SolutionProperties) = preSolution
		HideSolutionNode = FALSE
	EndGlobalSection
	GlobalSection(NestedProjects) = preSolution
		{64B9D985-06D6-4902-8340-08E6CC541927} = {4BDD6D8A-D545-40E9-B328-35E2077588E9}
		{B2C3C9FB-1257-4F7A-92B3-D768B3FF248B} = {40CDB83E-30DA-44C1-A562-ACE2DDE3E503}
		{1693BC5A-F4C8-4963-9418-534BB4DB885C} = {F874DAA0-D3AD-449D-B81B-0E5FB9255791}
		{6EC8BA00-7DF1-4809-93CE-8D806CF06C59} = {03DAB093-A333-40A6-9F6C-165818586C5C}
		{9D8EA324-35B3-4D21-8B3E-BB7850180EF7} = {03DAB093-A333-40A6-9F6C-165818586C5C}
		{E7619C8A-20EF-4567-8BEE-F9C996816F13} = {40CDB83E-30DA-44C1-A562-ACE2DDE3E503}
		{C879038B-3598-4C60-B547-48E97694CB0E} = {F874DAA0-D3AD-449D-B81B-0E5FB9255791}
	EndGlobalSection
	GlobalSection(ExtensibilityGlobals) = postSolution
		SolutionGuid = {96A931EC-F35F-4A37-A9C3-FF02299A1BC9}
	EndGlobalSection
EndGlobal
